
Microsoft Visual Studio Solution File, Format Version 12.00
# Visual Studio Version 17
VisualStudioVersion = 17.1.32319.34
MinimumVisualStudioVersion = 10.0.40219.1
Project("{FAE04EC0-301F-11D3-BF4B-00C04F79EFBC}") = "Line Comparison", "Line Comparison\Line Comparison.csproj", "{D19556F4-8733-4D5D-8922-C82F4371E6DC}"
EndProject
Global
	GlobalSection(SolutionConfigurationPlatforms) = preSolution
		Debug|Any CPU = Debug|Any CPU
		Release|Any CPU = Release|Any CPU
	EndGlobalSection
	GlobalSection(ProjectConfigurationPlatforms) = postSolution
		{D19556F4-8733-4D5D-8922-C82F4371E6DC}.Debug|Any CPU.ActiveCfg = Debug|Any CPU
		{D19556F4-8733-4D5D-8922-C82F4371E6DC}.Debug|Any CPU.Build.0 = Debug|Any CPU
		{D19556F4-8733-4D5D-8922-C82F4371E6DC}.Release|Any CPU.ActiveCfg = Release|Any CPU
		{D19556F4-8733-4D5D-8922-C82F4371E6DC}.Release|Any CPU.Build.0 = Release|Any CPU
	EndGlobalSection
	GlobalSection(SolutionProperties) = preSolution
		HideSolutionNode = FALSE
	EndGlobalSection
	GlobalSection(ExtensibilityGlobals) = postSolution
		SolutionGuid = {7BC04A5D-00E0-45EE-AAC8-B72FE10CCC62}
	EndGlobalSection
EndGlobal
